
Microsoft Visual Studio Solution File, Format Version 12.00
Project("{FAE04EC0-301F-11D3-BF4B-00C04F79EFBC}") = "NotesServer", "NotesServer\NotesServer.csproj", "{A0DC9589-DCFE-44EC-B4CF-5226757436F8}"
EndProject
Global
	GlobalSection(SolutionConfigurationPlatforms) = preSolution
		Debug|Any CPU = Debug|Any CPU
		Release|Any CPU = Release|Any CPU
	EndGlobalSection
	GlobalSection(ProjectConfigurationPlatforms) = postSolution
		{A0DC9589-DCFE-44EC-B4CF-5226757436F8}.Debug|Any CPU.ActiveCfg = Debug|Any CPU
		{A0DC9589-DCFE-44EC-B4CF-5226757436F8}.Debug|Any CPU.Build.0 = Debug|Any CPU
		{A0DC9589-DCFE-44EC-B4CF-5226757436F8}.Release|Any CPU.ActiveCfg = Release|Any CPU
		{A0DC9589-DCFE-44EC-B4CF-5226757436F8}.Release|Any CPU.Build.0 = Release|Any CPU
	EndGlobalSection
EndGlobal
